
Microsoft Visual Studio Solution File, Format Version 12.00
# Visual Studio Version 17
VisualStudioVersion = 17.1.32407.343
MinimumVisualStudioVersion = 10.0.40219.1
Project("{FAE04EC0-301F-11D3-BF4B-00C04F79EFBC}") = "DemoMultiViews", "DemoMultiViews\DemoMultiViews.csproj", "{48DB79D7-1A2C-4B98-BF25-8C471006C248}"
EndProject
Global
	GlobalSection(SolutionConfigurationPlatforms) = preSolution
		Debug|Any CPU = Debug|Any CPU
		Release|Any CPU = Release|Any CPU
	EndGlobalSection
	GlobalSection(ProjectConfigurationPlatforms) = postSolution
		{48DB79D7-1A2C-4B98-BF25-8C471006C248}.Debug|Any CPU.ActiveCfg = Debug|Any CPU
		{48DB79D7-1A2C-4B98-BF25-8C471006C248}.Debug|Any CPU.Build.0 = Debug|Any CPU
		{48DB79D7-1A2C-4B98-BF25-8C471006C248}.Release|Any CPU.ActiveCfg = Release|Any CPU
		{48DB79D7-1A2C-4B98-BF25-8C471006C248}.Release|Any CPU.Build.0 = Release|Any CPU
	EndGlobalSection
	GlobalSection(SolutionProperties) = preSolution
		HideSolutionNode = FALSE
	EndGlobalSection
	GlobalSection(ExtensibilityGlobals) = postSolution
		SolutionGuid = {26335C4D-9F60-41F0-B149-F99EEF20E4E4}
	EndGlobalSection
EndGlobal
